{
  "name": "wskp-com",
  "version": "0.1.0",
  "lockfileVersion": 1,
  "requires": true,
  "dependencies": {
    "fullpage.js": {
      "version": "3.0.2",
      "resolved": "http://registry.npm.taobao.org/fullpage.js/download/fullpage.js-3.0.2.tgz",
      "integrity": "sha1-SjjorFvl6/LZYx3EYkaCVa2qEQ4="
    },
    "vue-fullpage.js": {
      "version": "0.0.5",
      "resolved": "http://registry.npm.taobao.org/vue-fullpage.js/download/vue-fullpage.js-0.0.5.tgz",
      "integrity": "sha1-N2z/Avv3AuXCYZ/McBZDD7NDFeQ=",
      "requires": {
        "fullpage.js": "3.0.2"
      }
    }
  }
}
